
Microsoft Visual Studio Solution File, Format Version 12.00
# Visual Studio Version 17
VisualStudioVersion = 17.10.35027.167
MinimumVisualStudioVersion = 10.0.40219.1
Project("{FAE04EC0-301F-11D3-BF4B-00C04F79EFBC}") = "MongoDB.API", "MongoDB.API.csproj", "{5A201CBC-70B1-4B2A-8582-7A601EE92532}"
EndProject
Global
	GlobalSection(SolutionConfigurationPlatforms) = preSolution
		Debug|Any CPU = Debug|Any CPU
		Release|Any CPU = Release|Any CPU
	EndGlobalSection
	GlobalSection(ProjectConfigurationPlatforms) = postSolution
		{5A201CBC-70B1-4B2A-8582-7A601EE92532}.Debug|Any CPU.ActiveCfg = Debug|Any CPU
		{5A201CBC-70B1-4B2A-8582-7A601EE92532}.Debug|Any CPU.Build.0 = Debug|Any CPU
		{5A201CBC-70B1-4B2A-8582-7A601EE92532}.Release|Any CPU.ActiveCfg = Release|Any CPU
		{5A201CBC-70B1-4B2A-8582-7A601EE92532}.Release|Any CPU.Build.0 = Release|Any CPU
	EndGlobalSection
	GlobalSection(SolutionProperties) = preSolution
		HideSolutionNode = FALSE
	EndGlobalSection
	GlobalSection(ExtensibilityGlobals) = postSolution
		SolutionGuid = {A3C42582-16F3-4F7C-880D-0FD5BFDF2C05}
	EndGlobalSection
EndGlobal
